
Microsoft Visual Studio Solution File, Format Version 12.00
# Visual Studio Version 16
VisualStudioVersion = 16.0.33529.622
MinimumVisualStudioVersion = 10.0.40219.1
Project("{FAE04EC0-301F-11D3-BF4B-00C04F79EFBC}") = "typing tutor", "typing tutor.csproj", "{99F73F49-929C-4EBA-AA5F-2CB84A7C8913}"
EndProject
Global
	GlobalSection(SolutionConfigurationPlatforms) = preSolution
		Debug|Any CPU = Debug|Any CPU
		Release|Any CPU = Release|Any CPU
	EndGlobalSection
	GlobalSection(ProjectConfigurationPlatforms) = postSolution
		{99F73F49-929C-4EBA-AA5F-2CB84A7C8913}.Debug|Any CPU.ActiveCfg = Debug|Any CPU
		{99F73F49-929C-4EBA-AA5F-2CB84A7C8913}.Debug|Any CPU.Build.0 = Debug|Any CPU
		{99F73F49-929C-4EBA-AA5F-2CB84A7C8913}.Release|Any CPU.ActiveCfg = Release|Any CPU
		{99F73F49-929C-4EBA-AA5F-2CB84A7C8913}.Release|Any CPU.Build.0 = Release|Any CPU
	EndGlobalSection
	GlobalSection(SolutionProperties) = preSolution
		HideSolutionNode = FALSE
	EndGlobalSection
	GlobalSection(ExtensibilityGlobals) = postSolution
		SolutionGuid = {1E36201D-5A8D-4979-AEB6-75D496C5C1C8}
	EndGlobalSection
EndGlobal
